
Microsoft Visual Studio Solution File, Format Version 12.00
# Visual Studio Version 17
VisualStudioVersion = 17.7.34018.315
MinimumVisualStudioVersion = 10.0.40219.1
Project("{9A19103F-16F7-4668-BE54-9A1E7A4F7556}") = "Domain", "Domain\Domain.csproj", "{F153E15F-6CB5-4C46-B596-3713FADD4D89}"
EndProject
Project("{9A19103F-16F7-4668-BE54-9A1E7A4F7556}") = "Infrastructure", "Infrastructure\Infrastructure.csproj", "{A2FED8B3-C236-4E73-84BE-F3C58BAFC376}"
EndProject
Project("{9A19103F-16F7-4668-BE54-9A1E7A4F7556}") = "Application", "Application\Application.csproj", "{68581E3F-0220-48BA-A40A-46BFB0AFFC23}"
EndProject
Global
	GlobalSection(SolutionConfigurationPlatforms) = preSolution
		Debug|Any CPU = Debug|Any CPU
		Release|Any CPU = Release|Any CPU
	EndGlobalSection
	GlobalSection(ProjectConfigurationPlatforms) = postSolution
		{F153E15F-6CB5-4C46-B596-3713FADD4D89}.Debug|Any CPU.ActiveCfg = Debug|Any CPU
		{F153E15F-6CB5-4C46-B596-3713FADD4D89}.Debug|Any CPU.Build.0 = Debug|Any CPU
		{F153E15F-6CB5-4C46-B596-3713FADD4D89}.Release|Any CPU.ActiveCfg = Release|Any CPU
		{F153E15F-6CB5-4C46-B596-3713FADD4D89}.Release|Any CPU.Build.0 = Release|Any CPU
		{A2FED8B3-C236-4E73-84BE-F3C58BAFC376}.Debug|Any CPU.ActiveCfg = Debug|Any CPU
		{A2FED8B3-C236-4E73-84BE-F3C58BAFC376}.Debug|Any CPU.Build.0 = Debug|Any CPU
		{A2FED8B3-C236-4E73-84BE-F3C58BAFC376}.Release|Any CPU.ActiveCfg = Release|Any CPU
		{A2FED8B3-C236-4E73-84BE-F3C58BAFC376}.Release|Any CPU.Build.0 = Release|Any CPU
		{68581E3F-0220-48BA-A40A-46BFB0AFFC23}.Debug|Any CPU.ActiveCfg = Debug|Any CPU
		{68581E3F-0220-48BA-A40A-46BFB0AFFC23}.Debug|Any CPU.Build.0 = Debug|Any CPU
		{68581E3F-0220-48BA-A40A-46BFB0AFFC23}.Release|Any CPU.ActiveCfg = Release|Any CPU
		{68581E3F-0220-48BA-A40A-46BFB0AFFC23}.Release|Any CPU.Build.0 = Release|Any CPU
	EndGlobalSection
	GlobalSection(SolutionProperties) = preSolution
		HideSolutionNode = FALSE
	EndGlobalSection
	GlobalSection(ExtensibilityGlobals) = postSolution
		SolutionGuid = {8396367C-91C7-499B-ACBA-5B2EC54255E6}
	EndGlobalSection
EndGlobal
